
Microsoft Visual Studio Solution File, Format Version 12.00
# Visual Studio 14
VisualStudioVersion = 14.0.23107.0
MinimumVisualStudioVersion = 10.0.40219.1
Project("{FAE04EC0-301F-11D3-BF4B-00C04F79EFBC}") = "IoTChallenge.Universal", "IoTChallenge.Universal\IoTChallenge.Universal.csproj", "{60404385-092D-4CB6-995C-54E491978C6D}"
EndProject
Project("{FAE04EC0-301F-11D3-BF4B-00C04F79EFBC}") = "documentDB", "documentDB\documentDB.csproj", "{AC660963-EA98-4877-BA7B-431AD6919A58}"
EndProject
Project("{FAE04EC0-301F-11D3-BF4B-00C04F79EFBC}") = "IoTChallenge.Universal.Core", "IoTChallenge.Universal.Core\IoTChallenge.Universal.Core.csproj", "{F3F468AC-0F9F-4202-8E47-233114829D45}"
EndProject
Project("{FAE04EC0-301F-11D3-BF4B-00C04F79EFBC}") = "IoTChallenge.Android", "IoTChallenge.Android\IoTChallenge.Android.csproj", "{D2481BC5-0208-4535-8E63-20BDC630C55C}"
EndProject
Project("{FAE04EC0-301F-11D3-BF4B-00C04F79EFBC}") = "IoTChallenge.Apple", "IoTChallenge.Apple\IoTChallenge.Apple.csproj", "{A31E5CE0-7557-479F-BC54-62E658F5BEAF}"
EndProject
Global
	GlobalSection(SolutionConfigurationPlatforms) = preSolution
		Ad-Hoc|Any CPU = Ad-Hoc|Any CPU
		Ad-Hoc|ARM = Ad-Hoc|ARM
		Ad-Hoc|iPhone = Ad-Hoc|iPhone
		Ad-Hoc|iPhoneSimulator = Ad-Hoc|iPhoneSimulator
		Ad-Hoc|x64 = Ad-Hoc|x64
		Ad-Hoc|x86 = Ad-Hoc|x86
		AppStore|Any CPU = AppStore|Any CPU
		AppStore|ARM = AppStore|ARM
		AppStore|iPhone = AppStore|iPhone
		AppStore|iPhoneSimulator = AppStore|iPhoneSimulator
		AppStore|x64 = AppStore|x64
		AppStore|x86 = AppStore|x86
		Debug|Any CPU = Debug|Any CPU
		Debug|ARM = Debug|ARM
		Debug|iPhone = Debug|iPhone
		Debug|iPhoneSimulator = Debug|iPhoneSimulator
		Debug|x64 = Debug|x64
		Debug|x86 = Debug|x86
		Release|Any CPU = Release|Any CPU
		Release|ARM = Release|ARM
		Release|iPhone = Release|iPhone
		Release|iPhoneSimulator = Release|iPhoneSimulator
		Release|x64 = Release|x64
		Release|x86 = Release|x86
	EndGlobalSection
	GlobalSection(ProjectConfigurationPlatforms) = postSolution
		{60404385-092D-4CB6-995C-54E491978C6D}.Ad-Hoc|Any CPU.ActiveCfg = Release|x64
		{60404385-092D-4CB6-995C-54E491978C6D}.Ad-Hoc|Any CPU.Build.0 = Release|x64
		{60404385-092D-4CB6-995C-54E491978C6D}.Ad-Hoc|Any CPU.Deploy.0 = Release|x64
		{60404385-092D-4CB6-995C-54E491978C6D}.Ad-Hoc|ARM.ActiveCfg = Release|ARM
		{60404385-092D-4CB6-995C-54E491978C6D}.Ad-Hoc|ARM.Build.0 = Release|ARM
		{60404385-092D-4CB6-995C-54E491978C6D}.Ad-Hoc|ARM.Deploy.0 = Release|ARM
		{60404385-092D-4CB6-995C-54E491978C6D}.Ad-Hoc|iPhone.ActiveCfg = Release|x64
		{60404385-092D-4CB6-995C-54E491978C6D}.Ad-Hoc|iPhone.Build.0 = Release|x64
		{60404385-092D-4CB6-995C-54E491978C6D}.Ad-Hoc|iPhone.Deploy.0 = Release|x64
		{60404385-092D-4CB6-995C-54E491978C6D}.Ad-Hoc|iPhoneSimulator.ActiveCfg = Release|x64
		{60404385-092D-4CB6-995C-54E491978C6D}.Ad-Hoc|iPhoneSimulator.Build.0 = Release|x64
		{60404385-092D-4CB6-995C-54E491978C6D}.Ad-Hoc|iPhoneSimulator.Deploy.0 = Release|x64
		{60404385-092D-4CB6-995C-54E491978C6D}.Ad-Hoc|x64.ActiveCfg = Release|x64
		{60404385-092D-4CB6-995C-54E491978C6D}.Ad-Hoc|x64.Build.0 = Release|x64
		{60404385-092D-4CB6-995C-54E491978C6D}.Ad-Hoc|x64.Deploy.0 = Release|x64
		{60404385-092D-4CB6-995C-54E491978C6D}.Ad-Hoc|x86.ActiveCfg = Release|x86
		{60404385-092D-4CB6-995C-54E491978C6D}.Ad-Hoc|x86.Build.0 = Release|x86
		{60404385-092D-4CB6-995C-54E491978C6D}.Ad-Hoc|x86.Deploy.0 = Release|x86
		{60404385-092D-4CB6-995C-54E491978C6D}.AppStore|Any CPU.ActiveCfg = Release|x64
		{60404385-092D-4CB6-995C-54E491978C6D}.AppStore|Any CPU.Build.0 = Release|x64
		{60404385-092D-4CB6-995C-54E491978C6D}.AppStore|Any CPU.Deploy.0 = Release|x64
		{60404385-092D-4CB6-995C-54E491978C6D}.AppStore|ARM.ActiveCfg = Release|ARM
		{60404385-092D-4CB6-995C-54E491978C6D}.AppStore|ARM.Build.0 = Release|ARM
		{60404385-092D-4CB6-995C-54E491978C6D}.AppStore|ARM.Deploy.0 = Release|ARM
		{60404385-092D-4CB6-995C-54E491978C6D}.AppStore|iPhone.ActiveCfg = Release|x64
		{60404385-092D-4CB6-995C-54E491978C6D}.AppStore|iPhone.Build.0 = Release|x64
		{60404385-092D-4CB6-995C-54E491978C6D}.AppStore|iPhone.Deploy.0 = Release|x64
		{60404385-092D-4CB6-995C-54E491978C6D}.AppStore|iPhoneSimulator.ActiveCfg = Release|x64
		{60404385-092D-4CB6-995C-54E491978C6D}.AppStore|iPhoneSimulator.Build.0 = Release|x64
		{60404385-092D-4CB6-995C-54E491978C6D}.AppStore|iPhoneSimulator.Deploy.0 = Release|x64
		{60404385-092D-4CB6-995C-54E491978C6D}.AppStore|x64.ActiveCfg = Release|x64
		{60404385-092D-4CB6-995C-54E491978C6D}.AppStore|x64.Build.0 = Release|x64
		{60404385-092D-4CB6-995C-54E491978C6D}.AppStore|x64.Deploy.0 = Release|x64
		{60404385-092D-4CB6-995C-54E491978C6D}.AppStore|x86.ActiveCfg = Release|x86
		{60404385-092D-4CB6-995C-54E491978C6D}.AppStore|x86.Build.0 = Release|x86
		{60404385-092D-4CB6-995C-54E491978C6D}.AppStore|x86.Deploy.0 = Release|x86
		{60404385-092D-4CB6-995C-54E491978C6D}.Debug|Any CPU.ActiveCfg = Debug|x86
		{60404385-092D-4CB6-995C-54E491978C6D}.Debug|ARM.ActiveCfg = Debug|ARM
		{60404385-092D-4CB6-995C-54E491978C6D}.Debug|ARM.Build.0 = Debug|ARM
		{60404385-092D-4CB6-995C-54E491978C6D}.Debug|ARM.Deploy.0 = Debug|ARM
		{60404385-092D-4CB6-995C-54E491978C6D}.Debug|iPhone.ActiveCfg = Debug|x86
		{60404385-092D-4CB6-995C-54E491978C6D}.Debug|iPhoneSimulator.ActiveCfg = Debug|x86
		{60404385-092D-4CB6-995C-54E491978C6D}.Debug|x64.ActiveCfg = Debug|x64
		{60404385-092D-4CB6-995C-54E491978C6D}.Debug|x64.Build.0 = Debug|x64
		{60404385-092D-4CB6-995C-54E491978C6D}.Debug|x64.Deploy.0 = Debug|x64
		{60404385-092D-4CB6-995C-54E491978C6D}.Debug|x86.ActiveCfg = Debug|x86
		{60404385-092D-4CB6-995C-54E491978C6D}.Debug|x86.Build.0 = Debug|x86
		{60404385-092D-4CB6-995C-54E491978C6D}.Debug|x86.Deploy.0 = Debug|x86
		{60404385-092D-4CB6-995C-54E491978C6D}.Release|Any CPU.ActiveCfg = Release|x86
		{60404385-092D-4CB6-995C-54E491978C6D}.Release|ARM.ActiveCfg = Release|ARM
		{60404385-092D-4CB6-995C-54E491978C6D}.Release|ARM.Build.0 = Release|ARM
		{60404385-092D-4CB6-995C-54E491978C6D}.Release|ARM.Deploy.0 = Release|ARM
		{60404385-092D-4CB6-995C-54E491978C6D}.Release|iPhone.ActiveCfg = Release|x86
		{60404385-092D-4CB6-995C-54E491978C6D}.Release|iPhoneSimulator.ActiveCfg = Release|x86
		{60404385-092D-4CB6-995C-54E491978C6D}.Release|x64.ActiveCfg = Release|x64
		{60404385-092D-4CB6-995C-54E491978C6D}.Release|x64.Build.0 = Release|x64
		{60404385-092D-4CB6-995C-54E491978C6D}.Release|x64.Deploy.0 = Release|x64
		{60404385-092D-4CB6-995C-54E491978C6D}.Release|x86.ActiveCfg = Release|x86
		{60404385-092D-4CB6-995C-54E491978C6D}.Release|x86.Build.0 = Release|x86
		{60404385-092D-4CB6-995C-54E491978C6D}.Release|x86.Deploy.0 = Release|x86
		{AC660963-EA98-4877-BA7B-431AD6919A58}.Ad-Hoc|Any CPU.ActiveCfg = Release|Any CPU
		{AC660963-EA98-4877-BA7B-431AD6919A58}.Ad-Hoc|Any CPU.Build.0 = Release|Any CPU
		{AC660963-EA98-4877-BA7B-431AD6919A58}.Ad-Hoc|ARM.ActiveCfg = Release|Any CPU
		{AC660963-EA98-4877-BA7B-431AD6919A58}.Ad-Hoc|ARM.Build.0 = Release|Any CPU
		{AC660963-EA98-4877-BA7B-431AD6919A58}.Ad-Hoc|iPhone.ActiveCfg = Release|Any CPU
		{AC660963-EA98-4877-BA7B-431AD6919A58}.Ad-Hoc|iPhone.Build.0 = Release|Any CPU
		{AC660963-EA98-4877-BA7B-431AD6919A58}.Ad-Hoc|iPhoneSimulator.ActiveCfg = Release|Any CPU
		{AC660963-EA98-4877-BA7B-431AD6919A58}.Ad-Hoc|iPhoneSimulator.Build.0 = Release|Any CPU
		{AC660963-EA98-4877-BA7B-431AD6919A58}.Ad-Hoc|x64.ActiveCfg = Release|Any CPU
		{AC660963-EA98-4877-BA7B-431AD6919A58}.Ad-Hoc|x64.Build.0 = Release|Any CPU
		{AC660963-EA98-4877-BA7B-431AD6919A58}.Ad-Hoc|x86.ActiveCfg = Release|Any CPU
		{AC660963-EA98-4877-BA7B-431AD6919A58}.Ad-Hoc|x86.Build.0 = Release|Any CPU
		{AC660963-EA98-4877-BA7B-431AD6919A58}.AppStore|Any CPU.ActiveCfg = Release|Any CPU
		{AC660963-EA98-4877-BA7B-431AD6919A58}.AppStore|Any CPU.Build.0 = Release|Any CPU
		{AC660963-EA98-4877-BA7B-431AD6919A58}.AppStore|ARM.ActiveCfg = Release|Any CPU
		{AC660963-EA98-4877-BA7B-431AD6919A58}.AppStore|ARM.Build.0 = Release|Any CPU
		{AC660963-EA98-4877-BA7B-431AD6919A58}.AppStore|iPhone.ActiveCfg = Release|Any CPU
		{AC660963-EA98-4877-BA7B-431AD6919A58}.AppStore|iPhone.Build.0 = Release|Any CPU
		{AC660963-EA98-4877-BA7B-431AD6919A58}.AppStore|iPhoneSimulator.ActiveCfg = Release|Any CPU
		{AC660963-EA98-4877-BA7B-431AD6919A58}.AppStore|iPhoneSimulator.Build.0 = Release|Any CPU
		{AC660963-EA98-4877-BA7B-431AD6919A58}.AppStore|x64.ActiveCfg = Release|Any CPU
		{AC660963-EA98-4877-BA7B-431AD6919A58}.AppStore|x64.Build.0 = Release|Any CPU
		{AC660963-EA98-4877-BA7B-431AD6919A58}.AppStore|x86.ActiveCfg = Release|Any CPU
		{AC660963-EA98-4877-BA7B-431AD6919A58}.AppStore|x86.Build.0 = Release|Any CPU
		{AC660963-EA98-4877-BA7B-431AD6919A58}.Debug|Any CPU.ActiveCfg = Debug|Any CPU
		{AC660963-EA98-4877-BA7B-431AD6919A58}.Debug|Any CPU.Build.0 = Debug|Any CPU
		{AC660963-EA98-4877-BA7B-431AD6919A58}.Debug|ARM.ActiveCfg = Debug|Any CPU
		{AC660963-EA98-4877-BA7B-431AD6919A58}.Debug|ARM.Build.0 = Debug|Any CPU
		{AC660963-EA98-4877-BA7B-431AD6919A58}.Debug|iPhone.ActiveCfg = Debug|Any CPU
		{AC660963-EA98-4877-BA7B-431AD6919A58}.Debug|iPhone.Build.0 = Debug|Any CPU
		{AC660963-EA98-4877-BA7B-431AD6919A58}.Debug|iPhoneSimulator.ActiveCfg = Debug|Any CPU
		{AC660963-EA98-4877-BA7B-431AD6919A58}.Debug|iPhoneSimulator.Build.0 = Debug|Any CPU
		{AC660963-EA98-4877-BA7B-431AD6919A58}.Debug|x64.ActiveCfg = Debug|Any CPU
		{AC660963-EA98-4877-BA7B-431AD6919A58}.Debug|x64.Build.0 = Debug|Any CPU
		{AC660963-EA98-4877-BA7B-431AD6919A58}.Debug|x86.ActiveCfg = Debug|Any CPU
		{AC660963-EA98-4877-BA7B-431AD6919A58}.Debug|x86.Build.0 = Debug|Any CPU
		{AC660963-EA98-4877-BA7B-431AD6919A58}.Release|Any CPU.ActiveCfg = Release|Any CPU
		{AC660963-EA98-4877-BA7B-431AD6919A58}.Release|Any CPU.Build.0 = Release|Any CPU
		{AC660963-EA98-4877-BA7B-431AD6919A58}.Release|ARM.ActiveCfg = Release|Any CPU
		{AC660963-EA98-4877-BA7B-431AD6919A58}.Release|ARM.Build.0 = Release|Any CPU
		{AC660963-EA98-4877-BA7B-431AD6919A58}.Release|iPhone.ActiveCfg = Release|Any CPU
		{AC660963-EA98-4877-BA7B-431AD6919A58}.Release|iPhone.Build.0 = Release|Any CPU
		{AC660963-EA98-4877-BA7B-431AD6919A58}.Release|iPhoneSimulator.ActiveCfg = Release|Any CPU
		{AC660963-EA98-4877-BA7B-431AD6919A58}.Release|iPhoneSimulator.Build.0 = Release|Any CPU
		{AC660963-EA98-4877-BA7B-431AD6919A58}.Release|x64.ActiveCfg = Release|Any CPU
		{AC660963-EA98-4877-BA7B-431AD6919A58}.Release|x64.Build.0 = Release|Any CPU
		{AC660963-EA98-4877-BA7B-431AD6919A58}.Release|x86.ActiveCfg = Release|Any CPU
		{AC660963-EA98-4877-BA7B-431AD6919A58}.Release|x86.Build.0 = Release|Any CPU
		{F3F468AC-0F9F-4202-8E47-233114829D45}.Ad-Hoc|Any CPU.ActiveCfg = Release|Any CPU
		{F3F468AC-0F9F-4202-8E47-233114829D45}.Ad-Hoc|Any CPU.Build.0 = Release|Any CPU
		{F3F468AC-0F9F-4202-8E47-233114829D45}.Ad-Hoc|ARM.ActiveCfg = Release|Any CPU
		{F3F468AC-0F9F-4202-8E47-233114829D45}.Ad-Hoc|ARM.Build.0 = Release|Any CPU
		{F3F468AC-0F9F-4202-8E47-233114829D45}.Ad-Hoc|iPhone.ActiveCfg = Release|Any CPU
		{F3F468AC-0F9F-4202-8E47-233114829D45}.Ad-Hoc|iPhone.Build.0 = Release|Any CPU
		{F3F468AC-0F9F-4202-8E47-233114829D45}.Ad-Hoc|iPhoneSimulator.ActiveCfg = Release|Any CPU
		{F3F468AC-0F9F-4202-8E47-233114829D45}.Ad-Hoc|iPhoneSimulator.Build.0 = Release|Any CPU
		{F3F468AC-0F9F-4202-8E47-233114829D45}.Ad-Hoc|x64.ActiveCfg = Release|Any CPU
		{F3F468AC-0F9F-4202-8E47-233114829D45}.Ad-Hoc|x64.Build.0 = Release|Any CPU
		{F3F468AC-0F9F-4202-8E47-233114829D45}.Ad-Hoc|x86.ActiveCfg = Release|Any CPU
		{F3F468AC-0F9F-4202-8E47-233114829D45}.Ad-Hoc|x86.Build.0 = Release|Any CPU
		{F3F468AC-0F9F-4202-8E47-233114829D45}.AppStore|Any CPU.ActiveCfg = Release|Any CPU
		{F3F468AC-0F9F-4202-8E47-233114829D45}.AppStore|Any CPU.Build.0 = Release|Any CPU
		{F3F468AC-0F9F-4202-8E47-233114829D45}.AppStore|ARM.ActiveCfg = Release|Any CPU
		{F3F468AC-0F9F-4202-8E47-233114829D45}.AppStore|ARM.Build.0 = Release|Any CPU
		{F3F468AC-0F9F-4202-8E47-233114829D45}.AppStore|iPhone.ActiveCfg = Release|Any CPU
		{F3F468AC-0F9F-4202-8E47-233114829D45}.AppStore|iPhone.Build.0 = Release|Any CPU
		{F3F468AC-0F9F-4202-8E47-233114829D45}.AppStore|iPhoneSimulator.ActiveCfg = Release|Any CPU
		{F3F468AC-0F9F-4202-8E47-233114829D45}.AppStore|iPhoneSimulator.Build.0 = Release|Any CPU
		{F3F468AC-0F9F-4202-8E47-233114829D45}.AppStore|x64.ActiveCfg = Release|Any CPU
		{F3F468AC-0F9F-4202-8E47-233114829D45}.AppStore|x64.Build.0 = Release|Any CPU
		{F3F468AC-0F9F-4202-8E47-233114829D45}.AppStore|x86.ActiveCfg = Release|Any CPU
		{F3F468AC-0F9F-4202-8E47-233114829D45}.AppStore|x86.Build.0 = Release|Any CPU
		{F3F468AC-0F9F-4202-8E47-233114829D45}.Debug|Any CPU.ActiveCfg = Debug|Any CPU
		{F3F468AC-0F9F-4202-8E47-233114829D45}.Debug|Any CPU.Build.0 = Debug|Any CPU
		{F3F468AC-0F9F-4202-8E47-233114829D45}.Debug|ARM.ActiveCfg = Debug|Any CPU
		{F3F468AC-0F9F-4202-8E47-233114829D45}.Debug|ARM.Build.0 = Debug|Any CPU
		{F3F468AC-0F9F-4202-8E47-233114829D45}.Debug|iPhone.ActiveCfg = Debug|Any CPU
		{F3F468AC-0F9F-4202-8E47-233114829D45}.Debug|iPhone.Build.0 = Debug|Any CPU
		{F3F468AC-0F9F-4202-8E47-233114829D45}.Debug|iPhoneSimulator.ActiveCfg = Debug|Any CPU
		{F3F468AC-0F9F-4202-8E47-233114829D45}.Debug|iPhoneSimulator.Build.0 = Debug|Any CPU
		{F3F468AC-0F9F-4202-8E47-233114829D45}.Debug|x64.ActiveCfg = Debug|Any CPU
		{F3F468AC-0F9F-4202-8E47-233114829D45}.Debug|x64.Build.0 = Debug|Any CPU
		{F3F468AC-0F9F-4202-8E47-233114829D45}.Debug|x86.ActiveCfg = Debug|Any CPU
		{F3F468AC-0F9F-4202-8E47-233114829D45}.Debug|x86.Build.0 = Debug|Any CPU
		{F3F468AC-0F9F-4202-8E47-233114829D45}.Release|Any CPU.ActiveCfg = Release|Any CPU
		{F3F468AC-0F9F-4202-8E47-233114829D45}.Release|Any CPU.Build.0 = Release|Any CPU
		{F3F468AC-0F9F-4202-8E47-233114829D45}.Release|ARM.ActiveCfg = Release|Any CPU
		{F3F468AC-0F9F-4202-8E47-233114829D45}.Release|ARM.Build.0 = Release|Any CPU
		{F3F468AC-0F9F-4202-8E47-233114829D45}.Release|iPhone.ActiveCfg = Release|Any CPU
		{F3F468AC-0F9F-4202-8E47-233114829D45}.Release|iPhone.Build.0 = Release|Any CPU
		{F3F468AC-0F9F-4202-8E47-233114829D45}.Release|iPhoneSimulator.ActiveCfg = Release|Any CPU
		{F3F468AC-0F9F-4202-8E47-233114829D45}.Release|iPhoneSimulator.Build.0 = Release|Any CPU
		{F3F468AC-0F9F-4202-8E47-233114829D45}.Release|x64.ActiveCfg = Release|Any CPU
		{F3F468AC-0F9F-4202-8E47-233114829D45}.Release|x64.Build.0 = Release|Any CPU
		{F3F468AC-0F9F-4202-8E47-233114829D45}.Release|x86.ActiveCfg = Release|Any CPU
		{F3F468AC-0F9F-4202-8E47-233114829D45}.Release|x86.Build.0 = Release|Any CPU
		{D2481BC5-0208-4535-8E63-20BDC630C55C}.Ad-Hoc|Any CPU.ActiveCfg = Release|Any CPU
		{D2481BC5-0208-4535-8E63-20BDC630C55C}.Ad-Hoc|Any CPU.Build.0 = Release|Any CPU
		{D2481BC5-0208-4535-8E63-20BDC630C55C}.Ad-Hoc|Any CPU.Deploy.0 = Release|Any CPU
		{D2481BC5-0208-4535-8E63-20BDC630C55C}.Ad-Hoc|ARM.ActiveCfg = Release|Any CPU
		{D2481BC5-0208-4535-8E63-20BDC630C55C}.Ad-Hoc|ARM.Build.0 = Release|Any CPU
		{D2481BC5-0208-4535-8E63-20BDC630C55C}.Ad-Hoc|ARM.Deploy.0 = Release|Any CPU
		{D2481BC5-0208-4535-8E63-20BDC630C55C}.Ad-Hoc|iPhone.ActiveCfg = Release|Any CPU
		{D2481BC5-0208-4535-8E63-20BDC630C55C}.Ad-Hoc|iPhone.Build.0 = Release|Any CPU
		{D2481BC5-0208-4535-8E63-20BDC630C55C}.Ad-Hoc|iPhone.Deploy.0 = Release|Any CPU
		{D2481BC5-0208-4535-8E63-20BDC630C55C}.Ad-Hoc|iPhoneSimulator.ActiveCfg = Release|Any CPU
		{D2481BC5-0208-4535-8E63-20BDC630C55C}.Ad-Hoc|iPhoneSimulator.Build.0 = Release|Any CPU
		{D2481BC5-0208-4535-8E63-20BDC630C55C}.Ad-Hoc|iPhoneSimulator.Deploy.0 = Release|Any CPU
		{D2481BC5-0208-4535-8E63-20BDC630C55C}.Ad-Hoc|x64.ActiveCfg = Release|Any CPU
		{D2481BC5-0208-4535-8E63-20BDC630C55C}.Ad-Hoc|x64.Build.0 = Release|Any CPU
		{D2481BC5-0208-4535-8E63-20BDC630C55C}.Ad-Hoc|x64.Deploy.0 = Release|Any CPU
		{D2481BC5-0208-4535-8E63-20BDC630C55C}.Ad-Hoc|x86.ActiveCfg = Release|Any CPU
		{D2481BC5-0208-4535-8E63-20BDC630C55C}.Ad-Hoc|x86.Build.0 = Release|Any CPU
		{D2481BC5-0208-4535-8E63-20BDC630C55C}.Ad-Hoc|x86.Deploy.0 = Release|Any CPU
		{D2481BC5-0208-4535-8E63-20BDC630C55C}.AppStore|Any CPU.ActiveCfg = Release|Any CPU
		{D2481BC5-0208-4535-8E63-20BDC630C55C}.AppStore|Any CPU.Build.0 = Release|Any CPU
		{D2481BC5-0208-4535-8E63-20BDC630C55C}.AppStore|Any CPU.Deploy.0 = Release|Any CPU
		{D2481BC5-0208-4535-8E63-20BDC630C55C}.AppStore|ARM.ActiveCfg = Release|Any CPU
		{D2481BC5-0208-4535-8E63-20BDC630C55C}.AppStore|ARM.Build.0 = Release|Any CPU
		{D2481BC5-0208-4535-8E63-20BDC630C55C}.AppStore|ARM.Deploy.0 = Release|Any CPU
		{D2481BC5-0208-4535-8E63-20BDC630C55C}.AppStore|iPhone.ActiveCfg = Release|Any CPU
		{D2481BC5-0208-4535-8E63-20BDC630C55C}.AppStore|iPhone.Build.0 = Release|Any CPU
		{D2481BC5-0208-4535-8E63-20BDC630C55C}.AppStore|iPhone.Deploy.0 = Release|Any CPU
		{D2481BC5-0208-4535-8E63-20BDC630C55C}.AppStore|iPhoneSimulator.ActiveCfg = Release|Any CPU
		{D2481BC5-0208-4535-8E63-20BDC630C55C}.AppStore|iPhoneSimulator.Build.0 = Release|Any CPU
		{D2481BC5-0208-4535-8E63-20BDC630C55C}.AppStore|iPhoneSimulator.Deploy.0 = Release|Any CPU
		{D2481BC5-0208-4535-8E63-20BDC630C55C}.AppStore|x64.ActiveCfg = Release|Any CPU
		{D2481BC5-0208-4535-8E63-20BDC630C55C}.AppStore|x64.Build.0 = Release|Any CPU
		{D2481BC5-0208-4535-8E63-20BDC630C55C}.AppStore|x64.Deploy.0 = Release|Any CPU
		{D2481BC5-0208-4535-8E63-20BDC630C55C}.AppStore|x86.ActiveCfg = Release|Any CPU
		{D2481BC5-0208-4535-8E63-20BDC630C55C}.AppStore|x86.Build.0 = Release|Any CPU
		{D2481BC5-0208-4535-8E63-20BDC630C55C}.AppStore|x86.Deploy.0 = Release|Any CPU
		{D2481BC5-0208-4535-8E63-20BDC630C55C}.Debug|Any CPU.ActiveCfg = Debug|Any CPU
		{D2481BC5-0208-4535-8E63-20BDC630C55C}.Debug|Any CPU.Build.0 = Debug|Any CPU
		{D2481BC5-0208-4535-8E63-20BDC630C55C}.Debug|Any CPU.Deploy.0 = Debug|Any CPU
		{D2481BC5-0208-4535-8E63-20BDC630C55C}.Debug|ARM.ActiveCfg = Debug|Any CPU
		{D2481BC5-0208-4535-8E63-20BDC630C55C}.Debug|ARM.Build.0 = Debug|Any CPU
		{D2481BC5-0208-4535-8E63-20BDC630C55C}.Debug|ARM.Deploy.0 = Debug|Any CPU
		{D2481BC5-0208-4535-8E63-20BDC630C55C}.Debug|iPhone.ActiveCfg = Debug|Any CPU
		{D2481BC5-0208-4535-8E63-20BDC630C55C}.Debug|iPhone.Build.0 = Debug|Any CPU
		{D2481BC5-0208-4535-8E63-20BDC630C55C}.Debug|iPhone.Deploy.0 = Debug|Any CPU
		{D2481BC5-0208-4535-8E63-20BDC630C55C}.Debug|iPhoneSimulator.ActiveCfg = Debug|Any CPU
		{D2481BC5-0208-4535-8E63-20BDC630C55C}.Debug|iPhoneSimulator.Build.0 = Debug|Any CPU
		{D2481BC5-0208-4535-8E63-20BDC630C55C}.Debug|iPhoneSimulator.Deploy.0 = Debug|Any CPU
		{D2481BC5-0208-4535-8E63-20BDC630C55C}.Debug|x64.ActiveCfg = Debug|Any CPU
		{D2481BC5-0208-4535-8E63-20BDC630C55C}.Debug|x64.Build.0 = Debug|Any CPU
		{D2481BC5-0208-4535-8E63-20BDC630C55C}.Debug|x64.Deploy.0 = Debug|Any CPU
		{D2481BC5-0208-4535-8E63-20BDC630C55C}.Debug|x86.ActiveCfg = Debug|Any CPU
		{D2481BC5-0208-4535-8E63-20BDC630C55C}.Debug|x86.Build.0 = Debug|Any CPU
		{D2481BC5-0208-4535-8E63-20BDC630C55C}.Debug|x86.Deploy.0 = Debug|Any CPU
		{D2481BC5-0208-4535-8E63-20BDC630C55C}.Release|Any CPU.ActiveCfg = Release|Any CPU
		{D2481BC5-0208-4535-8E63-20BDC630C55C}.Release|Any CPU.Build.0 = Release|Any CPU
		{D2481BC5-0208-4535-8E63-20BDC630C55C}.Release|Any CPU.Deploy.0 = Release|Any CPU
		{D2481BC5-0208-4535-8E63-20BDC630C55C}.Release|ARM.ActiveCfg = Release|Any CPU
		{D2481BC5-0208-4535-8E63-20BDC630C55C}.Release|ARM.Build.0 = Release|Any CPU
		{D2481BC5-0208-4535-8E63-20BDC630C55C}.Release|ARM.Deploy.0 = Release|Any CPU
		{D2481BC5-0208-4535-8E63-20BDC630C55C}.Release|iPhone.ActiveCfg = Release|Any CPU
		{D2481BC5-0208-4535-8E63-20BDC630C55C}.Release|iPhone.Build.0 = Release|Any CPU
		{D2481BC5-0208-4535-8E63-20BDC630C55C}.Release|iPhone.Deploy.0 = Release|Any CPU
		{D2481BC5-0208-4535-8E63-20BDC630C55C}.Release|iPhoneSimulator.ActiveCfg = Release|Any CPU
		{D2481BC5-0208-4535-8E63-20BDC630C55C}.Release|iPhoneSimulator.Build.0 = Release|Any CPU
		{D2481BC5-0208-4535-8E63-20BDC630C55C}.Release|iPhoneSimulator.Deploy.0 = Release|Any CPU
		{D2481BC5-0208-4535-8E63-20BDC630C55C}.Release|x64.ActiveCfg = Release|Any CPU
		{D2481BC5-0208-4535-8E63-20BDC630C55C}.Release|x64.Build.0 = Release|Any CPU
		{D2481BC5-0208-4535-8E63-20BDC630C55C}.Release|x64.Deploy.0 = Release|Any CPU
		{D2481BC5-0208-4535-8E63-20BDC630C55C}.Release|x86.ActiveCfg = Release|Any CPU
		{D2481BC5-0208-4535-8E63-20BDC630C55C}.Release|x86.Build.0 = Release|Any CPU
		{D2481BC5-0208-4535-8E63-20BDC630C55C}.Release|x86.Deploy.0 = Release|Any CPU
		{A31E5CE0-7557-479F-BC54-62E658F5BEAF}.Ad-Hoc|Any CPU.ActiveCfg = Ad-Hoc|iPhone
		{A31E5CE0-7557-479F-BC54-62E658F5BEAF}.Ad-Hoc|ARM.ActiveCfg = Ad-Hoc|iPhone
		{A31E5CE0-7557-479F-BC54-62E658F5BEAF}.Ad-Hoc|iPhone.ActiveCfg = Ad-Hoc|iPhone
		{A31E5CE0-7557-479F-BC54-62E658F5BEAF}.Ad-Hoc|iPhone.Build.0 = Ad-Hoc|iPhone
		{A31E5CE0-7557-479F-BC54-62E658F5BEAF}.Ad-Hoc|iPhoneSimulator.ActiveCfg = Ad-Hoc|iPhoneSimulator
		{A31E5CE0-7557-479F-BC54-62E658F5BEAF}.Ad-Hoc|iPhoneSimulator.Build.0 = Ad-Hoc|iPhoneSimulator
		{A31E5CE0-7557-479F-BC54-62E658F5BEAF}.Ad-Hoc|x64.ActiveCfg = Ad-Hoc|iPhone
		{A31E5CE0-7557-479F-BC54-62E658F5BEAF}.Ad-Hoc|x86.ActiveCfg = Ad-Hoc|iPhone
		{A31E5CE0-7557-479F-BC54-62E658F5BEAF}.AppStore|Any CPU.ActiveCfg = AppStore|iPhone
		{A31E5CE0-7557-479F-BC54-62E658F5BEAF}.AppStore|ARM.ActiveCfg = AppStore|iPhone
		{A31E5CE0-7557-479F-BC54-62E658F5BEAF}.AppStore|iPhone.ActiveCfg = AppStore|iPhone
		{A31E5CE0-7557-479F-BC54-62E658F5BEAF}.AppStore|iPhone.Build.0 = AppStore|iPhone
		{A31E5CE0-7557-479F-BC54-62E658F5BEAF}.AppStore|iPhoneSimulator.ActiveCfg = AppStore|iPhoneSimulator
		{A31E5CE0-7557-479F-BC54-62E658F5BEAF}.AppStore|iPhoneSimulator.Build.0 = AppStore|iPhoneSimulator
		{A31E5CE0-7557-479F-BC54-62E658F5BEAF}.AppStore|x64.ActiveCfg = AppStore|iPhone
		{A31E5CE0-7557-479F-BC54-62E658F5BEAF}.AppStore|x86.ActiveCfg = AppStore|iPhone
		{A31E5CE0-7557-479F-BC54-62E658F5BEAF}.Debug|Any CPU.ActiveCfg = Debug|iPhone
		{A31E5CE0-7557-479F-BC54-62E658F5BEAF}.Debug|ARM.ActiveCfg = Debug|iPhone
		{A31E5CE0-7557-479F-BC54-62E658F5BEAF}.Debug|iPhone.ActiveCfg = Debug|iPhone
		{A31E5CE0-7557-479F-BC54-62E658F5BEAF}.Debug|iPhone.Build.0 = Debug|iPhone
		{A31E5CE0-7557-479F-BC54-62E658F5BEAF}.Debug|iPhoneSimulator.ActiveCfg = Debug|iPhoneSimulator
		{A31E5CE0-7557-479F-BC54-62E658F5BEAF}.Debug|iPhoneSimulator.Build.0 = Debug|iPhoneSimulator
		{A31E5CE0-7557-479F-BC54-62E658F5BEAF}.Debug|x64.ActiveCfg = Debug|iPhone
		{A31E5CE0-7557-479F-BC54-62E658F5BEAF}.Debug|x86.ActiveCfg = Debug|iPhone
		{A31E5CE0-7557-479F-BC54-62E658F5BEAF}.Release|Any CPU.ActiveCfg = Release|iPhone
		{A31E5CE0-7557-479F-BC54-62E658F5BEAF}.Release|ARM.ActiveCfg = Release|iPhone
		{A31E5CE0-7557-479F-BC54-62E658F5BEAF}.Release|iPhone.ActiveCfg = Release|iPhone
		{A31E5CE0-7557-479F-BC54-62E658F5BEAF}.Release|iPhone.Build.0 = Release|iPhone
		{A31E5CE0-7557-479F-BC54-62E658F5BEAF}.Release|iPhoneSimulator.ActiveCfg = Release|iPhoneSimulator
		{A31E5CE0-7557-479F-BC54-62E658F5BEAF}.Release|iPhoneSimulator.Build.0 = Release|iPhoneSimulator
		{A31E5CE0-7557-479F-BC54-62E658F5BEAF}.Release|x64.ActiveCfg = Release|iPhone
		{A31E5CE0-7557-479F-BC54-62E658F5BEAF}.Release|x86.ActiveCfg = Release|iPhone
	EndGlobalSection
	GlobalSection(SolutionProperties) = preSolution
		HideSolutionNode = FALSE
	EndGlobalSection
EndGlobal
